
Microsoft Visual Studio Solution File, Format Version 12.00
# Visual Studio 2012
Project("{FAE04EC0-301F-11D3-BF4B-00C04F79EFBC}") = "1015", "1015\1015.csproj", "{6460E0F3-FBD7-429A-B5FC-B922ADFF56DD}"
EndProject
Global
	GlobalSection(SolutionConfigurationPlatforms) = preSolution
		Debug|Any CPU = Debug|Any CPU
		Release|Any CPU = Release|Any CPU
	EndGlobalSection
	GlobalSection(ProjectConfigurationPlatforms) = postSolution
		{6460E0F3-FBD7-429A-B5FC-B922ADFF56DD}.Debug|Any CPU.ActiveCfg = Debug|Any CPU
		{6460E0F3-FBD7-429A-B5FC-B922ADFF56DD}.Debug|Any CPU.Build.0 = Debug|Any CPU
		{6460E0F3-FBD7-429A-B5FC-B922ADFF56DD}.Release|Any CPU.ActiveCfg = Release|Any CPU
		{6460E0F3-FBD7-429A-B5FC-B922ADFF56DD}.Release|Any CPU.Build.0 = Release|Any CPU
	EndGlobalSection
	GlobalSection(SolutionProperties) = preSolution
		HideSolutionNode = FALSE
	EndGlobalSection
EndGlobal
