
Microsoft Visual Studio Solution File, Format Version 12.00
# Visual Studio 2012
Project("{FAE04EC0-301F-11D3-BF4B-00C04F79EFBC}") = "1014", "1014\1014.csproj", "{9FD1A57F-30E5-4B5B-B858-BAD013F1677A}"
EndProject
Global
	GlobalSection(SolutionConfigurationPlatforms) = preSolution
		Debug|Any CPU = Debug|Any CPU
		Release|Any CPU = Release|Any CPU
	EndGlobalSection
	GlobalSection(ProjectConfigurationPlatforms) = postSolution
		{9FD1A57F-30E5-4B5B-B858-BAD013F1677A}.Debug|Any CPU.ActiveCfg = Debug|Any CPU
		{9FD1A57F-30E5-4B5B-B858-BAD013F1677A}.Debug|Any CPU.Build.0 = Debug|Any CPU
		{9FD1A57F-30E5-4B5B-B858-BAD013F1677A}.Release|Any CPU.ActiveCfg = Release|Any CPU
		{9FD1A57F-30E5-4B5B-B858-BAD013F1677A}.Release|Any CPU.Build.0 = Release|Any CPU
	EndGlobalSection
	GlobalSection(SolutionProperties) = preSolution
		HideSolutionNode = FALSE
	EndGlobalSection
EndGlobal
